<?xml version="1.0" encoding="UTF-8" standalone="yes" ?>
<CodeBlocks_project_file>
	<FileVersion major="1" minor="6" />
	<Project>
		<Option title="Projeto" />
		<Option pch_mode="2" />
		<Option compiler="gcc" />
		<Build>
			<Target title="Release">
				<Option output="Projeto" prefix_auto="1" extension_auto="1" />
				<Option object_output="." />
				<Option type="1" />
				<Option compiler="gcc" />
				<Compiler>
					<Add option="-march=core2" />
					<Add option="-O3" />
					<Add option="-std=c++11" />
					<Add option="-w" />
					<Add directory="../include" />
					<Add directory="../include/SDL" />
					<Add directory="../include/SDL_image" />
					<Add directory="../include/video" />
				</Compiler>
				<Linker>
					<Add option="-lmingw32 -lSDL2main -lSDL2  -lSDL2_net  -lSDL2_image -lSDL2_ttf -lSDL2_mixer" />
					<Add library="..\libWindows\libavformat.dll.a" />
					<Add library="..\libWindows\libavcodec.dll.a" />
					<Add library="..\libWindows\libswresample.dll.a" />
					<Add library="..\libWindows\libswscale.dll.a" />
					<Add library="..\libWindows\libavutil.dll.a" />
					<Add library="..\libWindows\libavdevice.dll.a" />
					<Add library="..\libWindows\libavfilter.dll.a" />
					<Add library="..\libWindows\libpostproc.dll.a" />
					<Add directory="../libWindows" />
				</Linker>
			</Target>
		</Build>
		<Compiler>
			<Add option="-Wall" />
			<Add option="-fexceptions" />
		</Compiler>
		<Unit filename="main.cpp" />
		<Extensions>
			<code_completion />
			<envvars />
			<debugger />
			<lib_finder disable_auto="1" />
			<DoxyBlocks>
				<comment_style block="0" line="0" />
				<doxyfile_project />
				<doxyfile_build />
				<doxyfile_warnings />
				<doxyfile_output />
				<doxyfile_dot />
				<general />
			</DoxyBlocks>
		</Extensions>
	</Project>
</CodeBlocks_project_file>
